
Microsoft Visual Studio Solution File, Format Version 12.00
# Visual Studio 15
VisualStudioVersion = 15.0.27703.2042
MinimumVisualStudioVersion = 10.0.40219.1
Project("{FAE04EC0-301F-11D3-BF4B-00C04F79EFBC}") = "HeroMonsterClass Part2", "HeroMonsterClass Part2\HeroMonsterClass Part2.csproj", "{983CD6C6-852E-45DB-B596-7E67635692A4}"
EndProject
Global
	GlobalSection(SolutionConfigurationPlatforms) = preSolution
		Debug|Any CPU = Debug|Any CPU
		Release|Any CPU = Release|Any CPU
	EndGlobalSection
	GlobalSection(ProjectConfigurationPlatforms) = postSolution
		{983CD6C6-852E-45DB-B596-7E67635692A4}.Debug|Any CPU.ActiveCfg = Debug|Any CPU
		{983CD6C6-852E-45DB-B596-7E67635692A4}.Debug|Any CPU.Build.0 = Debug|Any CPU
		{983CD6C6-852E-45DB-B596-7E67635692A4}.Release|Any CPU.ActiveCfg = Release|Any CPU
		{983CD6C6-852E-45DB-B596-7E67635692A4}.Release|Any CPU.Build.0 = Release|Any CPU
	EndGlobalSection
	GlobalSection(SolutionProperties) = preSolution
		HideSolutionNode = FALSE
	EndGlobalSection
	GlobalSection(ExtensibilityGlobals) = postSolution
		SolutionGuid = {8A3C2363-D63D-4704-99F8-14667BA94A75}
	EndGlobalSection
EndGlobal
